// !$*UTF8*$!
{
	archiveVersion = 1;
	classes = {
	};
	objectVersion = 56;
	objects = {

/* Begin PBXBuildFile section */
		AB2BBA7E2C17154A002B4711 /* ControlImageView.swift in Sources */ = {isa = PBXBuildFile; fileRef = AB2BBA7D2C17154A002B4711 /* ControlImageView.swift */; };
		AB2BBA802C173928002B4711 /* PageModel.swift in Sources */ = {isa = PBXBuildFile; fileRef = AB2BBA7F2C173928002B4711 /* PageModel.swift */; };
		AB2BBA822C1739B9002B4711 /* PageData.swift in Sources */ = {isa = PBXBuildFile; fileRef = AB2BBA812C1739B9002B4711 /* PageData.swift */; };
		AB886FDD2BD9978800225C16 /* InfoPanelView.swift in Sources */ = {isa = PBXBuildFile; fileRef = AB886FDC2BD9978800225C16 /* InfoPanelView.swift */; };
		ABA9C27A2B7EABD400AC6C0D /* PinchApp.swift in Sources */ = {isa = PBXBuildFile; fileRef = ABA9C2792B7EABD400AC6C0D /* PinchApp.swift */; };
		ABA9C27C2B7EABD400AC6C0D /* ContentView.swift in Sources */ = {isa = PBXBuildFile; fileRef = ABA9C27B2B7EABD400AC6C0D /* ContentView.swift */; };
		ABA9C27E2B7EABD600AC6C0D /* Assets.xcassets in Resources */ = {isa = PBXBuildFile; fileRef = ABA9C27D2B7EABD600AC6C0D /* Assets.xcassets */; };
		ABA9C2812B7EABD600AC6C0D /* Preview Assets.xcassets in Resources */ = {isa = PBXBuildFile; fileRef = ABA9C2802B7EABD600AC6C0D /* Preview Assets.xcassets */; };
		ABA9C28B2B7EABD600AC6C0D /* PinchTests.swift in Sources */ = {isa = PBXBuildFile; fileRef = ABA9C28A2B7EABD600AC6C0D /* PinchTests.swift */; };
		ABA9C2952B7EABD600AC6C0D /* PinchUITests.swift in Sources */ = {isa = PBXBuildFile; fileRef = ABA9C2942B7EABD600AC6C0D /* PinchUITests.swift */; };
		ABA9C2972B7EABD600AC6C0D /* PinchUITestsLaunchTests.swift in Sources */ = {isa = PBXBuildFile; fileRef = ABA9C2962B7EABD600AC6C0D /* PinchUITestsLaunchTests.swift */; };
/* End PBXBuildFile section */

/* Begin PBXContainerItemProxy section */
		ABA9C2872B7EABD600AC6C0D /* PBXContainerItemProxy */ = {
			isa = PBXContainerItemProxy;
			containerPortal = ABA9C26E2B7EABD400AC6C0D /* Project object */;
			proxyType = 1;
			remoteGlobalIDString = ABA9C2752B7EABD400AC6C0D;
			remoteInfo = Pinch;
		};
		ABA9C2912B7EABD600AC6C0D /* PBXContainerItemProxy */ = {
			isa = PBXContainerItemProxy;
			containerPortal = ABA9C26E2B7EABD400AC6C0D /* Project object */;
			proxyType = 1;
			remoteGlobalIDString = ABA9C2752B7EABD400AC6C0D;
			remoteInfo = Pinch;
		};
/* End PBXContainerItemProxy section */

/* Begin PBXFileReference section */
		AB2BBA7D2C17154A002B4711 /* ControlImageView.swift */ = {isa = PBXFileReference; lastKnownFileType = sourcecode.swift; path = ControlImageView.swift; sourceTree = "<group>"; };
		AB2BBA7F2C173928002B4711 /* PageModel.swift */ = {isa = PBXFileReference; lastKnownFileType = sourcecode.swift; path = PageModel.swift; sourceTree = "<group>"; };
		AB2BBA812C1739B9002B4711 /* PageData.swift */ = {isa = PBXFileReference; lastKnownFileType = sourcecode.swift; path = PageData.swift; sourceTree = "<group>"; };
		AB886FDC2BD9978800225C16 /* InfoPanelView.swift */ = {isa = PBXFileReference; lastKnownFileType = sourcecode.swift; path = InfoPanelView.swift; sourceTree = "<group>"; };
		ABA9C2762B7EABD400AC6C0D /* Pinch.app */ = {isa = PBXFileReference; explicitFileType = wrapper.application; includeInIndex = 0; path = Pinch.app; sourceTree = BUILT_PRODUCTS_DIR; };
		ABA9C2792B7EABD400AC6C0D /* PinchApp.swift */ = {isa = PBXFileReference; lastKnownFileType = sourcecode.swift; path = PinchApp.swift; sourceTree = "<group>"; };
		ABA9C27B2B7EABD400AC6C0D /* ContentView.swift */ = {isa = PBXFileReference; lastKnownFileType = sourcecode.swift; path = ContentView.swift; sourceTree = "<group>"; };
		ABA9C27D2B7EABD600AC6C0D /* Assets.xcassets */ = {isa = PBXFileReference; lastKnownFileType = folder.assetcatalog; path = Assets.xcassets; sourceTree = "<group>"; };
		ABA9C2802B7EABD600AC6C0D /* Preview Assets.xcassets */ = {isa = PBXFileReference; lastKnownFileType = folder.assetcatalog; path = "Preview Assets.xcassets"; sourceTree = "<group>"; };
		ABA9C2862B7EABD600AC6C0D /* PinchTests.xctest */ = {isa = PBXFileReference; explicitFileType = wrapper.cfbundle; includeInIndex = 0; path = PinchTests.xctest; sourceTree = BUILT_PRODUCTS_DIR; };
		ABA9C28A2B7EABD600AC6C0D /* PinchTests.swift */ = {isa = PBXFileReference; lastKnownFileType = sourcecode.swift; path = PinchTests.swift; sourceTree = "<group>"; };
		ABA9C2902B7EABD600AC6C0D /* PinchUITests.xctest */ = {isa = PBXFileReference; explicitFileType = wrapper.cfbundle; includeInIndex = 0; path = PinchUITests.xctest; sourceTree = BUILT_PRODUCTS_DIR; };
		ABA9C2942B7EABD600AC6C0D /* PinchUITests.swift */ = {isa = PBXFileReference; lastKnownFileType = sourcecode.swift; path = PinchUITests.swift; sourceTree = "<group>"; };
		ABA9C2962B7EABD600AC6C0D /* PinchUITestsLaunchTests.swift */ = {isa = PBXFileReference; lastKnownFileType = sourcecode.swift; path = PinchUITestsLaunchTests.swift; sourceTree = "<group>"; };
/* End PBXFileReference section */

/* Begin PBXFrameworksBuildPhase section */
		ABA9C2732B7EABD400AC6C0D /* Frameworks */ = {
			isa = PBXFrameworksBuildPhase;
			buildActionMask = 2147483647;
			files = (
			);
			runOnlyForDeploymentPostprocessing = 0;
		};
		ABA9C2832B7EABD600AC6C0D /* Frameworks */ = {
			isa = PBXFrameworksBuildPhase;
			buildActionMask = 2147483647;
			files = (
			);
			runOnlyForDeploymentPostprocessing = 0;
		};
		ABA9C28D2B7EABD600AC6C0D /* Frameworks */ = {
			isa = PBXFrameworksBuildPhase;
			buildActionMask = 2147483647;
			files = (
			);
			runOnlyForDeploymentPostprocessing = 0;
		};
/* End PBXFrameworksBuildPhase section */

/* Begin PBXGroup section */
		ABA9C26D2B7EABD400AC6C0D = {
			isa = PBXGroup;
			children = (
				ABA9C2782B7EABD400AC6C0D /* Pinch */,
				ABA9C2892B7EABD600AC6C0D /* PinchTests */,
				ABA9C2932B7EABD600AC6C0D /* PinchUITests */,
				ABA9C2772B7EABD400AC6C0D /* Products */,
			);
			sourceTree = "<group>";
		};
		ABA9C2772B7EABD400AC6C0D /* Products */ = {
			isa = PBXGroup;
			children = (
				ABA9C2762B7EABD400AC6C0D /* Pinch.app */,
				ABA9C2862B7EABD600AC6C0D /* PinchTests.xctest */,
				ABA9C2902B7EABD600AC6C0D /* PinchUITests.xctest */,
			);
			name = Products;
			sourceTree = "<group>";
		};
		ABA9C2782B7EABD400AC6C0D /* Pinch */ = {
			isa = PBXGroup;
			children = (
				ABA9C2A62B7EAE8400AC6C0D /* Data */,
				ABA9C2A52B7EAE7800AC6C0D /* Model */,
				ABA9C2A42B7EAE4D00AC6C0D /* Views */,
				ABA9C2792B7EABD400AC6C0D /* PinchApp.swift */,
				ABA9C2A32B7EAE3A00AC6C0D /* Screen */,
				ABA9C27D2B7EABD600AC6C0D /* Assets.xcassets */,
				ABA9C27F2B7EABD600AC6C0D /* Preview Content */,
			);
			path = Pinch;
			sourceTree = "<group>";
		};
		ABA9C27F2B7EABD600AC6C0D /* Preview Content */ = {
			isa = PBXGroup;
			children = (
				ABA9C2802B7EABD600AC6C0D /* Preview Assets.xcassets */,
			);
			path = "Preview Content";
			sourceTree = "<group>";
		};
		ABA9C2892B7EABD600AC6C0D /* PinchTests */ = {
			isa = PBXGroup;
			children = (
				ABA9C28A2B7EABD600AC6C0D /* PinchTests.swift */,
			);
			path = PinchTests;
			sourceTree = "<group>";
		};
		ABA9C2932B7EABD600AC6C0D /* PinchUITests */ = {
			isa = PBXGroup;
			children = (
				ABA9C2942B7EABD600AC6C0D /* PinchUITests.swift */,
				ABA9C2962B7EABD600AC6C0D /* PinchUITestsLaunchTests.swift */,
			);
			path = PinchUITests;
			sourceTree = "<group>";
		};
		ABA9C2A32B7EAE3A00AC6C0D /* Screen */ = {
			isa = PBXGroup;
			children = (
				ABA9C27B2B7EABD400AC6C0D /* ContentView.swift */,
			);
			path = Screen;
			sourceTree = "<group>";
		};
		ABA9C2A42B7EAE4D00AC6C0D /* Views */ = {
			isa = PBXGroup;
			children = (
				AB886FDC2BD9978800225C16 /* InfoPanelView.swift */,
				AB2BBA7D2C17154A002B4711 /* ControlImageView.swift */,
			);
			path = Views;
			sourceTree = "<group>";
		};
		ABA9C2A52B7EAE7800AC6C0D /* Model */ = {
			isa = PBXGroup;
			children = (
				AB2BBA7F2C173928002B4711 /* PageModel.swift */,
			);
			path = Model;
			sourceTree = "<group>";
		};
		ABA9C2A62B7EAE8400AC6C0D /* Data */ = {
			isa = PBXGroup;
			children = (
				AB2BBA812C1739B9002B4711 /* PageData.swift */,
			);
			path = Data;
			sourceTree = "<group>";
		};
/* End PBXGroup section */

/* Begin PBXNativeTarget section */
		ABA9C2752B7EABD400AC6C0D /* Pinch */ = {
			isa = PBXNativeTarget;
			buildConfigurationList = ABA9C29A2B7EABD600AC6C0D /* Build configuration list for PBXNativeTarget "Pinch" */;
			buildPhases = (
				ABA9C2722B7EABD400AC6C0D /* Sources */,
				ABA9C2732B7EABD400AC6C0D /* Frameworks */,
				ABA9C2742B7EABD400AC6C0D /* Resources */,
			);
			buildRules = (
			);
			dependencies = (
			);
			name = Pinch;
			productName = Pinch;
			productReference = ABA9C2762B7EABD400AC6C0D /* Pinch.app */;
			productType = "com.apple.product-type.application";
		};
		ABA9C2852B7EABD600AC6C0D /* PinchTests */ = {
			isa = PBXNativeTarget;
			buildConfigurationList = ABA9C29D2B7EABD600AC6C0D /* Build configuration list for PBXNativeTarget "PinchTests" */;
			buildPhases = (
				ABA9C2822B7EABD600AC6C0D /* Sources */,
				ABA9C2832B7EABD600AC6C0D /* Frameworks */,
				ABA9C2842B7EABD600AC6C0D /* Resources */,
			);
			buildRules = (
			);
			dependencies = (
				ABA9C2882B7EABD600AC6C0D /* PBXTargetDependency */,
			);
			name = PinchTests;
			productName = PinchTests;
			productReference = ABA9C2862B7EABD600AC6C0D /* PinchTests.xctest */;
			productType = "com.apple.product-type.bundle.unit-test";
		};
		ABA9C28F2B7EABD600AC6C0D /* PinchUITests */ = {
			isa = PBXNativeTarget;
			buildConfigurationList = ABA9C2A02B7EABD600AC6C0D /* Build configuration list for PBXNativeTarget "PinchUITests" */;
			buildPhases = (
				ABA9C28C2B7EABD600AC6C0D /* Sources */,
				ABA9C28D2B7EABD600AC6C0D /* Frameworks */,
				ABA9C28E2B7EABD600AC6C0D /* Resources */,
			);
			buildRules = (
			);
			dependencies = (
				ABA9C2922B7EABD600AC6C0D /* PBXTargetDependency */,
			);
			name = PinchUITests;
			productName = PinchUITests;
			productReference = ABA9C2902B7EABD600AC6C0D /* PinchUITests.xctest */;
			productType = "com.apple.product-type.bundle.ui-testing";
		};
/* End PBXNativeTarget section */

/* Begin PBXProject section */
		ABA9C26E2B7EABD400AC6C0D /* Project object */ = {
			isa = PBXProject;
			attributes = {
				BuildIndependentTargetsInParallel = 1;
				LastSwiftUpdateCheck = 1520;
				LastUpgradeCheck = 1520;
				TargetAttributes = {
					ABA9C2752B7EABD400AC6C0D = {
						CreatedOnToolsVersion = 15.2;
					};
					ABA9C2852B7EABD600AC6C0D = {
						CreatedOnToolsVersion = 15.2;
						TestTargetID = ABA9C2752B7EABD400AC6C0D;
					};
					ABA9C28F2B7EABD600AC6C0D = {
						CreatedOnToolsVersion = 15.2;
						TestTargetID = ABA9C2752B7EABD400AC6C0D;
					};
				};
			};
			buildConfigurationList = ABA9C2712B7EABD400AC6C0D /* Build configuration list for PBXProject "Pinch" */;
			compatibilityVersion = "Xcode 14.0";
			developmentRegion = en;
			hasScannedForEncodings = 0;
			knownRegions = (
				en,
				Base,
			);
			mainGroup = ABA9C26D2B7EABD400AC6C0D;
			productRefGroup = ABA9C2772B7EABD400AC6C0D /* Products */;
			projectDirPath = "";
			projectRoot = "";
			targets = (
				ABA9C2752B7EABD400AC6C0D /* Pinch */,
				ABA9C2852B7EABD600AC6C0D /* PinchTests */,
				ABA9C28F2B7EABD600AC6C0D /* PinchUITests */,
			);
		};
/* End PBXProject section */

/* Begin PBXResourcesBuildPhase section */
		ABA9C2742B7EABD400AC6C0D /* Resources */ = {
			isa = PBXResourcesBuildPhase;
			buildActionMask = 2147483647;
			files = (
				ABA9C2812B7EABD600AC6C0D /* Preview Assets.xcassets in Resources */,
				ABA9C27E2B7EABD600AC6C0D /* Assets.xcassets in Resources */,
			);
			runOnlyForDeploymentPostprocessing = 0;
		};
		ABA9C2842B7EABD600AC6C0D /* Resources */ = {
			isa = PBXResourcesBuildPhase;
			buildActionMask = 2147483647;
			files = (
			);
			runOnlyForDeploymentPostprocessing = 0;
		};
		ABA9C28E2B7EABD600AC6C0D /* Resources */ = {
			isa = PBXResourcesBuildPhase;
			buildActionMask = 2147483647;
			files = (
			);
			runOnlyForDeploymentPostprocessing = 0;
		};
/* End PBXResourcesBuildPhase section */

/* Begin PBXSourcesBuildPhase section */
		ABA9C2722B7EABD400AC6C0D /* Sources */ = {
			isa = PBXSourcesBuildPhase;
			buildActionMask = 2147483647;
			files = (
				AB2BBA7E2C17154A002B4711 /* ControlImageView.swift in Sources */,
				AB2BBA802C173928002B4711 /* PageModel.swift in Sources */,
				ABA9C27C2B7EABD400AC6C0D /* ContentView.swift in Sources */,
				ABA9C27A2B7EABD400AC6C0D /* PinchApp.swift in Sources */,
				AB2BBA822C1739B9002B4711 /* PageData.swift in Sources */,
				AB886FDD2BD9978800225C16 /* InfoPanelView.swift in Sources */,
			);
			runOnlyForDeploymentPostprocessing = 0;
		};
		ABA9C2822B7EABD600AC6C0D /* Sources */ = {
			isa = PBXSourcesBuildPhase;
			buildActionMask = 2147483647;
			files = (
				ABA9C28B2B7EABD600AC6C0D /* PinchTests.swift in Sources */,
			);
			runOnlyForDeploymentPostprocessing = 0;
		};
		ABA9C28C2B7EABD600AC6C0D /* Sources */ = {
			isa = PBXSourcesBuildPhase;
			buildActionMask = 2147483647;
			files = (
				ABA9C2952B7EABD600AC6C0D /* PinchUITests.swift in Sources */,
				ABA9C2972B7EABD600AC6C0D /* PinchUITestsLaunchTests.swift in Sources */,
			);
			runOnlyForDeploymentPostprocessing = 0;
		};
/* End PBXSourcesBuildPhase section */

/* Begin PBXTargetDependency section */
		ABA9C2882B7EABD600AC6C0D /* PBXTargetDependency */ = {
			isa = PBXTargetDependency;
			target = ABA9C2752B7EABD400AC6C0D /* Pinch */;
			targetProxy = ABA9C2872B7EABD600AC6C0D /* PBXContainerItemProxy */;
		};
		ABA9C2922B7EABD600AC6C0D /* PBXTargetDependency */ = {
			isa = PBXTargetDependency;
			target = ABA9C2752B7EABD400AC6C0D /* Pinch */;
			targetProxy = ABA9C2912B7EABD600AC6C0D /* PBXContainerItemProxy */;
		};
/* End PBXTargetDependency section */

/* Begin XCBuildConfiguration section */
		ABA9C2982B7EABD600AC6C0D /* Debug */ = {
			isa = XCBuildConfiguration;
			buildSettings = {
				ALWAYS_SEARCH_USER_PATHS = NO;
				ASSETCATALOG_COMPILER_GENERATE_SWIFT_ASSET_SYMBOL_EXTENSIONS = YES;
				CLANG_ANALYZER_NONNULL = YES;
				CLANG_ANALYZER_NUMBER_OBJECT_CONVERSION = YES_AGGRESSIVE;
				CLANG_CXX_LANGUAGE_STANDARD = "gnu++20";
				CLANG_ENABLE_MODULES = YES;
				CLANG_ENABLE_OBJC_ARC = YES;
				CLANG_ENABLE_OBJC_WEAK = YES;
				CLANG_WARN_BLOCK_CAPTURE_AUTORELEASING = YES;
				CLANG_WARN_BOOL_CONVERSION = YES;
				CLANG_WARN_COMMA = YES;
				CLANG_WARN_CONSTANT_CONVERSION = YES;
				CLANG_WARN_DEPRECATED_OBJC_IMPLEMENTATIONS = YES;
				CLANG_WARN_DIRECT_OBJC_ISA_USAGE = YES_ERROR;
				CLANG_WARN_DOCUMENTATION_COMMENTS = YES;
				CLANG_WARN_EMPTY_BODY = YES;
				CLANG_WARN_ENUM_CONVERSION = YES;
				CLANG_WARN_INFINITE_RECURSION = YES;
				CLANG_WARN_INT_CONVERSION = YES;
				CLANG_WARN_NON_LITERAL_NULL_CONVERSION = YES;
				CLANG_WARN_OBJC_IMPLICIT_RETAIN_SELF = YES;
				CLANG_WARN_OBJC_LITERAL_CONVERSION = YES;
				CLANG_WARN_OBJC_ROOT_CLASS = YES_ERROR;
				CLANG_WARN_QUOTED_INCLUDE_IN_FRAMEWORK_HEADER = YES;
				CLANG_WARN_RANGE_LOOP_ANALYSIS = YES;
				CLANG_WARN_STRICT_PROTOTYPES = YES;
				CLANG_WARN_SUSPICIOUS_MOVE = YES;
				CLANG_WARN_UNGUARDED_AVAILABILITY = YES_AGGRESSIVE;
				CLANG_WARN_UNREACHABLE_CODE = YES;
				CLANG_WARN__DUPLICATE_METHOD_MATCH = YES;
				COPY_PHASE_STRIP = NO;
				DEBUG_INFORMATION_FORMAT = dwarf;
				ENABLE_STRICT_OBJC_MSGSEND = YES;
				ENABLE_TESTABILITY = YES;
				ENABLE_USER_SCRIPT_SANDBOXING = YES;
				GCC_C_LANGUAGE_STANDARD = gnu17;
				GCC_DYNAMIC_NO_PIC = NO;
				GCC_NO_COMMON_BLOCKS = YES;
				GCC_OPTIMIZATION_LEVEL = 0;
				GCC_PREPROCESSOR_DEFINITIONS = (
					"DEBUG=1",
					"$(inherited)",
				);
				GCC_WARN_64_TO_32_BIT_CONVERSION = YES;
				GCC_WARN_ABOUT_RETURN_TYPE = YES_ERROR;
				GCC_WARN_UNDECLARED_SELECTOR = YES;
				GCC_WARN_UNINITIALIZED_AUTOS = YES_AGGRESSIVE;
				GCC_WARN_UNUSED_FUNCTION = YES;
				GCC_WARN_UNUSED_VARIABLE = YES;
				IPHONEOS_DEPLOYMENT_TARGET = 17.2;
				LOCALIZATION_PREFERS_STRING_CATALOGS = YES;
				MTL_ENABLE_DEBUG_INFO = INCLUDE_SOURCE;
				MTL_FAST_MATH = YES;
				ONLY_ACTIVE_ARCH = YES;
				SDKROOT = iphoneos;
				SWIFT_ACTIVE_COMPILATION_CONDITIONS = "DEBUG $(inherited)";
				SWIFT_OPTIMIZATION_LEVEL = "-Onone";
			};
			name = Debug;
		};
		ABA9C2992B7EABD600AC6C0D /* Release */ = {
			isa = XCBuildConfiguration;
			buildSettings = {
				ALWAYS_SEARCH_USER_PATHS = NO;
				ASSETCATALOG_COMPILER_GENERATE_SWIFT_ASSET_SYMBOL_EXTENSIONS = YES;
				CLANG_ANALYZER_NONNULL = YES;
				CLANG_ANALYZER_NUMBER_OBJECT_CONVERSION = YES_AGGRESSIVE;
				CLANG_CXX_LANGUAGE_STANDARD = "gnu++20";
				CLANG_ENABLE_MODULES = YES;
				CLANG_ENABLE_OBJC_ARC = YES;
				CLANG_ENABLE_OBJC_WEAK = YES;
				CLANG_WARN_BLOCK_CAPTURE_AUTORELEASING = YES;
				CLANG_WARN_BOOL_CONVERSION = YES;
				CLANG_WARN_COMMA = YES;
				CLANG_WARN_CONSTANT_CONVERSION = YES;
				CLANG_WARN_DEPRECATED_OBJC_IMPLEMENTATIONS = YES;
				CLANG_WARN_DIRECT_OBJC_ISA_USAGE = YES_ERROR;
				CLANG_WARN_DOCUMENTATION_COMMENTS = YES;
				CLANG_WARN_EMPTY_BODY = YES;
				CLANG_WARN_ENUM_CONVERSION = YES;
				CLANG_WARN_INFINITE_RECURSION = YES;
				CLANG_WARN_INT_CONVERSION = YES;
				CLANG_WARN_NON_LITERAL_NULL_CONVERSION = YES;
				CLANG_WARN_OBJC_IMPLICIT_RETAIN_SELF = YES;
				CLANG_WARN_OBJC_LITERAL_CONVERSION = YES;
				CLANG_WARN_OBJC_ROOT_CLASS = YES_ERROR;
				CLANG_WARN_QUOTED_INCLUDE_IN_FRAMEWORK_HEADER = YES;
				CLANG_WARN_RANGE_LOOP_ANALYSIS = YES;
				CLANG_WARN_STRICT_PROTOTYPES = YES;
				CLANG_WARN_SUSPICIOUS_MOVE = YES;
				CLANG_WARN_UNGUARDED_AVAILABILITY = YES_AGGRESSIVE;
				CLANG_WARN_UNREACHABLE_CODE = YES;
				CLANG_WARN__DUPLICATE_METHOD_MATCH = YES;
				COPY_PHASE_STRIP = NO;
				DEBUG_INFORMATION_FORMAT = "dwarf-with-dsym";
				ENABLE_NS_ASSERTIONS = NO;
				ENABLE_STRICT_OBJC_MSGSEND = YES;
				ENABLE_USER_SCRIPT_SANDBOXING = YES;
				GCC_C_LANGUAGE_STANDARD = gnu17;
				GCC_NO_COMMON_BLOCKS = YES;
				GCC_WARN_64_TO_32_BIT_CONVERSION = YES;
				GCC_WARN_ABOUT_RETURN_TYPE = YES_ERROR;
				GCC_WARN_UNDECLARED_SELECTOR = YES;
				GCC_WARN_UNINITIALIZED_AUTOS = YES_AGGRESSIVE;
				GCC_WARN_UNUSED_FUNCTION = YES;
				GCC_WARN_UNUSED_VARIABLE = YES;
				IPHONEOS_DEPLOYMENT_TARGET = 17.2;
				LOCALIZATION_PREFERS_STRING_CATALOGS = YES;
				MTL_ENABLE_DEBUG_INFO = NO;
				MTL_FAST_MATH = YES;
				SDKROOT = iphoneos;
				SWIFT_COMPILATION_MODE = wholemodule;
				VALIDATE_PRODUCT = YES;
			};
			name = Release;
		};
		ABA9C29B2B7EABD600AC6C0D /* Debug */ = {
			isa = XCBuildConfiguration;
			buildSettings = {
				ASSETCATALOG_COMPILER_APPICON_NAME = AppIcon;
				ASSETCATALOG_COMPILER_GLOBAL_ACCENT_COLOR_NAME = AccentColor;
				CODE_SIGN_STYLE = Automatic;
				CURRENT_PROJECT_VERSION = 1;
				DEVELOPMENT_ASSET_PATHS = "\"Pinch/Preview Content\"";
				DEVELOPMENT_TEAM = 83YQ93W2HC;
				ENABLE_PREVIEWS = YES;
				GENERATE_INFOPLIST_FILE = YES;
				INFOPLIST_KEY_UIApplicationSceneManifest_Generation = YES;
				INFOPLIST_KEY_UIApplicationSupportsIndirectInputEvents = YES;
				INFOPLIST_KEY_UILaunchScreen_Generation = YES;
				INFOPLIST_KEY_UISupportedInterfaceOrientations = UIInterfaceOrientationPortrait;
				INFOPLIST_KEY_UISupportedInterfaceOrientations_iPad = "UIInterfaceOrientationLandscapeLeft UIInterfaceOrientationLandscapeRight UIInterfaceOrientationPortrait UIInterfaceOrientationPortraitUpsideDown";
				LD_RUNPATH_SEARCH_PATHS = (
					"$(inherited)",
					"@executable_path/Frameworks",
				);
				MARKETING_VERSION = 1.0;
				PRODUCT_BUNDLE_IDENTIFIER = com.ozanbagiran.Pinch;
				PRODUCT_NAME = "$(TARGET_NAME)";
				SWIFT_EMIT_LOC_STRINGS = YES;
				SWIFT_VERSION = 5.0;
				TARGETED_DEVICE_FAMILY = "1,2";
			};
			name = Debug;
		};
		ABA9C29C2B7EABD600AC6C0D /* Release */ = {
			isa = XCBuildConfiguration;
			buildSettings = {
				ASSETCATALOG_COMPILER_APPICON_NAME = AppIcon;
				ASSETCATALOG_COMPILER_GLOBAL_ACCENT_COLOR_NAME = AccentColor;
				CODE_SIGN_STYLE = Automatic;
				CURRENT_PROJECT_VERSION = 1;
				DEVELOPMENT_ASSET_PATHS = "\"Pinch/Preview Content\"";
				DEVELOPMENT_TEAM = 83YQ93W2HC;
				ENABLE_PREVIEWS = YES;
				GENERATE_INFOPLIST_FILE = YES;
				INFOPLIST_KEY_UIApplicationSceneManifest_Generation = YES;
				INFOPLIST_KEY_UIApplicationSupportsIndirectInputEvents = YES;
				INFOPLIST_KEY_UILaunchScreen_Generation = YES;
				INFOPLIST_KEY_UISupportedInterfaceOrientations = UIInterfaceOrientationPortrait;
				INFOPLIST_KEY_UISupportedInterfaceOrientations_iPad = "UIInterfaceOrientationLandscapeLeft UIInterfaceOrientationLandscapeRight UIInterfaceOrientationPortrait UIInterfaceOrientationPortraitUpsideDown";
				LD_RUNPATH_SEARCH_PATHS = (
					"$(inherited)",
					"@executable_path/Frameworks",
				);
				MARKETING_VERSION = 1.0;
				PRODUCT_BUNDLE_IDENTIFIER = com.ozanbagiran.Pinch;
				PRODUCT_NAME = "$(TARGET_NAME)";
				SWIFT_EMIT_LOC_STRINGS = YES;
				SWIFT_VERSION = 5.0;
				TARGETED_DEVICE_FAMILY = "1,2";
			};
			name = Release;
		};
		ABA9C29E2B7EABD600AC6C0D /* Debug */ = {
			isa = XCBuildConfiguration;
			buildSettings = {
				ALWAYS_EMBED_SWIFT_STANDARD_LIBRARIES = YES;
				BUNDLE_LOADER = "$(TEST_HOST)";
				CODE_SIGN_STYLE = Automatic;
				CURRENT_PROJECT_VERSION = 1;
				DEVELOPMENT_TEAM = 83YQ93W2HC;
				GENERATE_INFOPLIST_FILE = YES;
				IPHONEOS_DEPLOYMENT_TARGET = 17.2;
				MARKETING_VERSION = 1.0;
				PRODUCT_BUNDLE_IDENTIFIER = com.ozanbagiran.PinchTests;
				PRODUCT_NAME = "$(TARGET_NAME)";
				SWIFT_EMIT_LOC_STRINGS = NO;
				SWIFT_VERSION = 5.0;
				TARGETED_DEVICE_FAMILY = "1,2";
				TEST_HOST = "$(BUILT_PRODUCTS_DIR)/Pinch.app/$(BUNDLE_EXECUTABLE_FOLDER_PATH)/Pinch";
			};
			name = Debug;
		};
		ABA9C29F2B7EABD600AC6C0D /* Release */ = {
			isa = XCBuildConfiguration;
			buildSettings = {
				ALWAYS_EMBED_SWIFT_STANDARD_LIBRARIES = YES;
				BUNDLE_LOADER = "$(TEST_HOST)";
				CODE_SIGN_STYLE = Automatic;
				CURRENT_PROJECT_VERSION = 1;
				DEVELOPMENT_TEAM = 83YQ93W2HC;
				GENERATE_INFOPLIST_FILE = YES;
				IPHONEOS_DEPLOYMENT_TARGET = 17.2;
				MARKETING_VERSION = 1.0;
				PRODUCT_BUNDLE_IDENTIFIER = com.ozanbagiran.PinchTests;
				PRODUCT_NAME = "$(TARGET_NAME)";
				SWIFT_EMIT_LOC_STRINGS = NO;
				SWIFT_VERSION = 5.0;
				TARGETED_DEVICE_FAMILY = "1,2";
				TEST_HOST = "$(BUILT_PRODUCTS_DIR)/Pinch.app/$(BUNDLE_EXECUTABLE_FOLDER_PATH)/Pinch";
			};
			name = Release;
		};
		ABA9C2A12B7EABD600AC6C0D /* Debug */ = {
			isa = XCBuildConfiguration;
			buildSettings = {
				ALWAYS_EMBED_SWIFT_STANDARD_LIBRARIES = YES;
				CODE_SIGN_STYLE = Automatic;
				CURRENT_PROJECT_VERSION = 1;
				DEVELOPMENT_TEAM = 83YQ93W2HC;
				GENERATE_INFOPLIST_FILE = YES;
				MARKETING_VERSION = 1.0;
				PRODUCT_BUNDLE_IDENTIFIER = com.ozanbagiran.PinchUITests;
				PRODUCT_NAME = "$(TARGET_NAME)";
				SWIFT_EMIT_LOC_STRINGS = NO;
				SWIFT_VERSION = 5.0;
				TARGETED_DEVICE_FAMILY = "1,2";
				TEST_TARGET_NAME = Pinch;
			};
			name = Debug;
		};
		ABA9C2A22B7EABD600AC6C0D /* Release */ = {
			isa = XCBuildConfiguration;
			buildSettings = {
				ALWAYS_EMBED_SWIFT_STANDARD_LIBRARIES = YES;
				CODE_SIGN_STYLE = Automatic;
				CURRENT_PROJECT_VERSION = 1;
				DEVELOPMENT_TEAM = 83YQ93W2HC;
				GENERATE_INFOPLIST_FILE = YES;
				MARKETING_VERSION = 1.0;
				PRODUCT_BUNDLE_IDENTIFIER = com.ozanbagiran.PinchUITests;
				PRODUCT_NAME = "$(TARGET_NAME)";
				SWIFT_EMIT_LOC_STRINGS = NO;
				SWIFT_VERSION = 5.0;
				TARGETED_DEVICE_FAMILY = "1,2";
				TEST_TARGET_NAME = Pinch;
			};
			name = Release;
		};
/* End XCBuildConfiguration section */

/* Begin XCConfigurationList section */
		ABA9C2712B7EABD400AC6C0D /* Build configuration list for PBXProject "Pinch" */ = {
			isa = XCConfigurationList;
			buildConfigurations = (
				ABA9C2982B7EABD600AC6C0D /* Debug */,
				ABA9C2992B7EABD600AC6C0D /* Release */,
			);
			defaultConfigurationIsVisible = 0;
			defaultConfigurationName = Release;
		};
		ABA9C29A2B7EABD600AC6C0D /* Build configuration list for PBXNativeTarget "Pinch" */ = {
			isa = XCConfigurationList;
			buildConfigurations = (
				ABA9C29B2B7EABD600AC6C0D /* Debug */,
				ABA9C29C2B7EABD600AC6C0D /* Release */,
			);
			defaultConfigurationIsVisible = 0;
			defaultConfigurationName = Release;
		};
		ABA9C29D2B7EABD600AC6C0D /* Build configuration list for PBXNativeTarget "PinchTests" */ = {
			isa = XCConfigurationList;
			buildConfigurations = (
				ABA9C29E2B7EABD600AC6C0D /* Debug */,
				ABA9C29F2B7EABD600AC6C0D /* Release */,
			);
			defaultConfigurationIsVisible = 0;
			defaultConfigurationName = Release;
		};
		ABA9C2A02B7EABD600AC6C0D /* Build configuration list for PBXNativeTarget "PinchUITests" */ = {
			isa = XCConfigurationList;
			buildConfigurations = (
				ABA9C2A12B7EABD600AC6C0D /* Debug */,
				ABA9C2A22B7EABD600AC6C0D /* Release */,
			);
			defaultConfigurationIsVisible = 0;
			defaultConfigurationName = Release;
		};
/* End XCConfigurationList section */
	};
	rootObject = ABA9C26E2B7EABD400AC6C0D /* Project object */;
}
